
Microsoft Visual Studio Solution File, Format Version 12.00
# Visual Studio 15
VisualStudioVersion = 15.0.27130.2036
MinimumVisualStudioVersion = 10.0.40219.1
Project("{FAE04EC0-301F-11D3-BF4B-00C04F79EFBC}") = "CMS.API", "EMS\CMS.API.csproj", "{F221AB52-0754-437B-8EC7-42CAA9B2E401}"
EndProject
Project("{FAE04EC0-301F-11D3-BF4B-00C04F79EFBC}") = "CMS.DB", "CMS.DB\CMS.DB.csproj", "{01141B78-8BA3-480D-845F-90BD8255733F}"
EndProject
Project("{FAE04EC0-301F-11D3-BF4B-00C04F79EFBC}") = "CMS.BL", "CMS.BL\CMS.BL.csproj", "{F683410B-BA58-4367-ACBB-B01F9E4F0EC3}"
EndProject
Project("{2150E333-8FDC-42A3-9474-1A3956D46DE8}") = "Solution Items", "Solution Items", "{F9E95C82-163D-44E8-AE7A-2C9F42138B6B}"
	ProjectSection(SolutionItems) = preProject
		ReleaseNote.txt = ReleaseNote.txt
	EndProjectSection
EndProject
Project("{FAE04EC0-301F-11D3-BF4B-00C04F79EFBC}") = "ConsoleTestApp", "ConsoleTestApp\ConsoleTestApp.csproj", "{6F42CDFB-359A-4E44-ADFD-F9DF96AEA726}"
EndProject
Project("{FAE04EC0-301F-11D3-BF4B-00C04F79EFBC}") = "CMS.Common", "CMS.Common\CMS.Common.csproj", "{87D0FC92-66A3-4931-8E4D-9F72DCFABEA1}"
EndProject
Global
	GlobalSection(SolutionConfigurationPlatforms) = preSolution
		Debug|Any CPU = Debug|Any CPU
		Release|Any CPU = Release|Any CPU
	EndGlobalSection
	GlobalSection(ProjectConfigurationPlatforms) = postSolution
		{F221AB52-0754-437B-8EC7-42CAA9B2E401}.Debug|Any CPU.ActiveCfg = Debug|Any CPU
		{F221AB52-0754-437B-8EC7-42CAA9B2E401}.Debug|Any CPU.Build.0 = Debug|Any CPU
		{F221AB52-0754-437B-8EC7-42CAA9B2E401}.Release|Any CPU.ActiveCfg = Release|Any CPU
		{F221AB52-0754-437B-8EC7-42CAA9B2E401}.Release|Any CPU.Build.0 = Release|Any CPU
		{01141B78-8BA3-480D-845F-90BD8255733F}.Debug|Any CPU.ActiveCfg = Debug|Any CPU
		{01141B78-8BA3-480D-845F-90BD8255733F}.Debug|Any CPU.Build.0 = Debug|Any CPU
		{01141B78-8BA3-480D-845F-90BD8255733F}.Release|Any CPU.ActiveCfg = Release|Any CPU
		{01141B78-8BA3-480D-845F-90BD8255733F}.Release|Any CPU.Build.0 = Release|Any CPU
		{F683410B-BA58-4367-ACBB-B01F9E4F0EC3}.Debug|Any CPU.ActiveCfg = Debug|Any CPU
		{F683410B-BA58-4367-ACBB-B01F9E4F0EC3}.Debug|Any CPU.Build.0 = Debug|Any CPU
		{F683410B-BA58-4367-ACBB-B01F9E4F0EC3}.Release|Any CPU.ActiveCfg = Release|Any CPU
		{F683410B-BA58-4367-ACBB-B01F9E4F0EC3}.Release|Any CPU.Build.0 = Release|Any CPU
		{6F42CDFB-359A-4E44-ADFD-F9DF96AEA726}.Debug|Any CPU.ActiveCfg = Debug|Any CPU
		{6F42CDFB-359A-4E44-ADFD-F9DF96AEA726}.Debug|Any CPU.Build.0 = Debug|Any CPU
		{6F42CDFB-359A-4E44-ADFD-F9DF96AEA726}.Release|Any CPU.ActiveCfg = Release|Any CPU
		{6F42CDFB-359A-4E44-ADFD-F9DF96AEA726}.Release|Any CPU.Build.0 = Release|Any CPU
		{87D0FC92-66A3-4931-8E4D-9F72DCFABEA1}.Debug|Any CPU.ActiveCfg = Debug|Any CPU
		{87D0FC92-66A3-4931-8E4D-9F72DCFABEA1}.Debug|Any CPU.Build.0 = Debug|Any CPU
		{87D0FC92-66A3-4931-8E4D-9F72DCFABEA1}.Release|Any CPU.ActiveCfg = Release|Any CPU
		{87D0FC92-66A3-4931-8E4D-9F72DCFABEA1}.Release|Any CPU.Build.0 = Release|Any CPU
	EndGlobalSection
	GlobalSection(SolutionProperties) = preSolution
		HideSolutionNode = FALSE
	EndGlobalSection
	GlobalSection(ExtensibilityGlobals) = postSolution
		SolutionGuid = {59DEFD08-FA81-414C-BBF4-E491DD2BAA25}
	EndGlobalSection
EndGlobal
